
Microsoft Visual Studio Solution File, Format Version 12.00
# Visual Studio 15
VisualStudioVersion = 15.0.27130.2027
MinimumVisualStudioVersion = 10.0.40219.1
Project("{FAE04EC0-301F-11D3-BF4B-00C04F79EFBC}") = "Aplicacion_Meteorologia", "Aplicacion_Meteorologia\Aplicacion_Meteorologia.csproj", "{B4895074-2901-461E-9E2E-C466D8424E85}"
EndProject
Global
	GlobalSection(SolutionConfigurationPlatforms) = preSolution
		Debug|Any CPU = Debug|Any CPU
		Release|Any CPU = Release|Any CPU
	EndGlobalSection
	GlobalSection(ProjectConfigurationPlatforms) = postSolution
		{B4895074-2901-461E-9E2E-C466D8424E85}.Debug|Any CPU.ActiveCfg = Debug|Any CPU
		{B4895074-2901-461E-9E2E-C466D8424E85}.Debug|Any CPU.Build.0 = Debug|Any CPU
		{B4895074-2901-461E-9E2E-C466D8424E85}.Release|Any CPU.ActiveCfg = Release|Any CPU
		{B4895074-2901-461E-9E2E-C466D8424E85}.Release|Any CPU.Build.0 = Release|Any CPU
	EndGlobalSection
	GlobalSection(SolutionProperties) = preSolution
		HideSolutionNode = FALSE
	EndGlobalSection
	GlobalSection(ExtensibilityGlobals) = postSolution
		SolutionGuid = {7F6CE72C-6D7A-4DDD-8A30-36C6C3398712}
	EndGlobalSection
EndGlobal
